
Microsoft Visual Studio Solution File, Format Version 12.00
# Visual Studio Version 16
VisualStudioVersion = 16.0.30804.86
MinimumVisualStudioVersion = 10.0.40219.1
Project("{FAE04EC0-301F-11D3-BF4B-00C04F79EFBC}") = "EA", "EA\EA.csproj", "{89AEAFEB-A4F1-4EC0-BD4E-B21077FCB7A6}"
EndProject
Global
	GlobalSection(SolutionConfigurationPlatforms) = preSolution
		Debug|Any CPU = Debug|Any CPU
		Release|Any CPU = Release|Any CPU
	EndGlobalSection
	GlobalSection(ProjectConfigurationPlatforms) = postSolution
		{89AEAFEB-A4F1-4EC0-BD4E-B21077FCB7A6}.Debug|Any CPU.ActiveCfg = Debug|Any CPU
		{89AEAFEB-A4F1-4EC0-BD4E-B21077FCB7A6}.Debug|Any CPU.Build.0 = Debug|Any CPU
		{89AEAFEB-A4F1-4EC0-BD4E-B21077FCB7A6}.Release|Any CPU.ActiveCfg = Release|Any CPU
		{89AEAFEB-A4F1-4EC0-BD4E-B21077FCB7A6}.Release|Any CPU.Build.0 = Release|Any CPU
	EndGlobalSection
	GlobalSection(SolutionProperties) = preSolution
		HideSolutionNode = FALSE
	EndGlobalSection
	GlobalSection(ExtensibilityGlobals) = postSolution
		SolutionGuid = {441A7C8A-7835-42E9-9403-2B3FB5368F35}
	EndGlobalSection
EndGlobal
